
Microsoft Visual Studio Solution File, Format Version 12.00
# Visual Studio 15
VisualStudioVersion = 15.0.27703.2042
MinimumVisualStudioVersion = 10.0.40219.1
Project("{9A19103F-16F7-4668-BE54-9A1E7A4F7556}") = "SensoComum.Shared", "SensoComum.Shared\SensoComum.Shared.csproj", "{ACF112DF-F046-48DC-B6B6-9B7AAFC6F071}"
EndProject
Global
	GlobalSection(SolutionConfigurationPlatforms) = preSolution
		Debug|Any CPU = Debug|Any CPU
		Release|Any CPU = Release|Any CPU
	EndGlobalSection
	GlobalSection(ProjectConfigurationPlatforms) = postSolution
		{ACF112DF-F046-48DC-B6B6-9B7AAFC6F071}.Debug|Any CPU.ActiveCfg = Debug|Any CPU
		{ACF112DF-F046-48DC-B6B6-9B7AAFC6F071}.Debug|Any CPU.Build.0 = Debug|Any CPU
		{ACF112DF-F046-48DC-B6B6-9B7AAFC6F071}.Release|Any CPU.ActiveCfg = Release|Any CPU
		{ACF112DF-F046-48DC-B6B6-9B7AAFC6F071}.Release|Any CPU.Build.0 = Release|Any CPU
	EndGlobalSection
	GlobalSection(SolutionProperties) = preSolution
		HideSolutionNode = FALSE
	EndGlobalSection
	GlobalSection(ExtensibilityGlobals) = postSolution
		SolutionGuid = {FF5F024B-9F33-49DD-9C75-E5D4FF9F4995}
	EndGlobalSection
EndGlobal
